Microsoft Visual Studio Solution File, Format Version 11.00
# Visual Studio 2008

Project("{D047233A-0709-8618-13BE-AB074F27A573}") = "NutzBoutU", "Assembly-CSharp.csproj", "{EC239029-4953-6848-00C4-395DC050509E}"
EndProject
Project("{D047233A-0709-8618-13BE-AB074F27A573}") = "NutzBoutU", "Assembly-CSharp-Editor.csproj", "{050D0ADD-7508-B2A1-52F3-75A47B20B4FC}"
EndProject
Global
	GlobalSection(SolutionConfigurationPlatforms) = preSolution
		Debug|Any CPU = Debug|Any CPU
		Release|Any CPU = Release|Any CPU
	EndGlobalSection
	GlobalSection(ProjectConfigurationPlatforms) = postSolution
		{EC239029-4953-6848-00C4-395DC050509E}.Debug|Any CPU.ActiveCfg = Debug|Any CPU
		{EC239029-4953-6848-00C4-395DC050509E}.Debug|Any CPU.Build.0 = Debug|Any CPU
		{EC239029-4953-6848-00C4-395DC050509E}.Release|Any CPU.ActiveCfg = Release|Any CPU
		{EC239029-4953-6848-00C4-395DC050509E}.Release|Any CPU.Build.0 = Release|Any CPU
		{050D0ADD-7508-B2A1-52F3-75A47B20B4FC}.Debug|Any CPU.ActiveCfg = Debug|Any CPU
		{050D0ADD-7508-B2A1-52F3-75A47B20B4FC}.Debug|Any CPU.Build.0 = Debug|Any CPU
		{050D0ADD-7508-B2A1-52F3-75A47B20B4FC}.Release|Any CPU.ActiveCfg = Release|Any CPU
		{050D0ADD-7508-B2A1-52F3-75A47B20B4FC}.Release|Any CPU.Build.0 = Release|Any CPU
	EndGlobalSection
	GlobalSection(SolutionProperties) = preSolution
		HideSolutionNode = FALSE
	EndGlobalSection
	GlobalSection(MonoDevelopProperties) = preSolution
		StartupItem = Assembly-CSharp.csproj
	EndGlobalSection
EndGlobal
